
Microsoft Visual Studio Solution File, Format Version 12.00
Project("{FAE04EC0-301F-11D3-BF4B-00C04F79EFBC}") = "CommunityLibraryDesk1", "CommunityLibraryDesk1\CommunityLibraryDesk1.csproj", "{F439AC15-0957-4881-8444-28B14108FE28}"
EndProject
Project("{FAE04EC0-301F-11D3-BF4B-00C04F79EFBC}") = "CommunityLibraryDesk1.Tests", "CommunityLibraryDesk1.Tests\CommunityLibraryDesk1.Tests.csproj", "{7DC0923D-3A3E-441A-8FE3-84AA5EFE1CD5}"
EndProject
Global
	GlobalSection(SolutionConfigurationPlatforms) = preSolution
		Debug|Any CPU = Debug|Any CPU
		Debug|x64 = Debug|x64
		Debug|x86 = Debug|x86
		Release|Any CPU = Release|Any CPU
		Release|x64 = Release|x64
		Release|x86 = Release|x86
	EndGlobalSection
	GlobalSection(ProjectConfigurationPlatforms) = postSolution
		{F439AC15-0957-4881-8444-28B14108FE28}.Debug|Any CPU.ActiveCfg = Debug|Any CPU
		{F439AC15-0957-4881-8444-28B14108FE28}.Debug|Any CPU.Build.0 = Debug|Any CPU
		{F439AC15-0957-4881-8444-28B14108FE28}.Debug|x64.ActiveCfg = Debug|Any CPU
		{F439AC15-0957-4881-8444-28B14108FE28}.Debug|x64.Build.0 = Debug|Any CPU
		{F439AC15-0957-4881-8444-28B14108FE28}.Debug|x86.ActiveCfg = Debug|Any CPU
		{F439AC15-0957-4881-8444-28B14108FE28}.Debug|x86.Build.0 = Debug|Any CPU
		{F439AC15-0957-4881-8444-28B14108FE28}.Release|Any CPU.ActiveCfg = Release|Any CPU
		{F439AC15-0957-4881-8444-28B14108FE28}.Release|Any CPU.Build.0 = Release|Any CPU
		{F439AC15-0957-4881-8444-28B14108FE28}.Release|x64.ActiveCfg = Release|Any CPU
		{F439AC15-0957-4881-8444-28B14108FE28}.Release|x64.Build.0 = Release|Any CPU
		{F439AC15-0957-4881-8444-28B14108FE28}.Release|x86.ActiveCfg = Release|Any CPU
		{F439AC15-0957-4881-8444-28B14108FE28}.Release|x86.Build.0 = Release|Any CPU
		{7DC0923D-3A3E-441A-8FE3-84AA5EFE1CD5}.Debug|Any CPU.ActiveCfg = Debug|Any CPU
		{7DC0923D-3A3E-441A-8FE3-84AA5EFE1CD5}.Debug|Any CPU.Build.0 = Debug|Any CPU
		{7DC0923D-3A3E-441A-8FE3-84AA5EFE1CD5}.Debug|x64.ActiveCfg = Debug|Any CPU
		{7DC0923D-3A3E-441A-8FE3-84AA5EFE1CD5}.Debug|x64.Build.0 = Debug|Any CPU
		{7DC0923D-3A3E-441A-8FE3-84AA5EFE1CD5}.Debug|x86.ActiveCfg = Debug|Any CPU
		{7DC0923D-3A3E-441A-8FE3-84AA5EFE1CD5}.Debug|x86.Build.0 = Debug|Any CPU
		{7DC0923D-3A3E-441A-8FE3-84AA5EFE1CD5}.Release|Any CPU.ActiveCfg = Release|Any CPU
		{7DC0923D-3A3E-441A-8FE3-84AA5EFE1CD5}.Release|Any CPU.Build.0 = Release|Any CPU
		{7DC0923D-3A3E-441A-8FE3-84AA5EFE1CD5}.Release|x64.ActiveCfg = Release|Any CPU
		{7DC0923D-3A3E-441A-8FE3-84AA5EFE1CD5}.Release|x64.Build.0 = Release|Any CPU
		{7DC0923D-3A3E-441A-8FE3-84AA5EFE1CD5}.Release|x86.ActiveCfg = Release|Any CPU
		{7DC0923D-3A3E-441A-8FE3-84AA5EFE1CD5}.Release|x86.Build.0 = Release|Any CPU
	EndGlobalSection
	GlobalSection(SolutionProperties) = preSolution
		HideSolutionNode = FALSE
	EndGlobalSection
EndGlobal
